
Microsoft Visual Studio Solution File, Format Version 12.00
# Visual Studio Version 17
VisualStudioVersion = 17.14.37628.2
MinimumVisualStudioVersion = 10.0.40219.1
Project("{2150E333-8FDC-42A3-9474-1A3956D46DE8}") = "Task0", "Task0", "{02EA681E-C7D8-13C7-8484-4AC65E1B71E8}"
EndProject
Project("{FAE04EC0-301F-11D3-BF4B-00C04F79EFBC}") = "Tyuiu.GrigorenkoMR.Sprint0.Task0.V0", "Tyuiu.GrigorenkoMR.Sprint0.Task0.V0\Tyuiu.GrigorenkoMR.Sprint0.Task0.V0.csproj", "{23E9E6FD-A7AB-4C40-8AD9-9319DFC41C40}"
EndProject
Project("{2150E333-8FDC-42A3-9474-1A3956D46DE8}") = "Task1", "Task1", "{EF6A5608-A00F-454B-8ECD-DBE3742DD4CD}"
EndProject
Project("{FAE04EC0-301F-11D3-BF4B-00C04F79EFBC}") = "Tyuiu.GrigorenkoMR.Sprint0.Task1.V0", "Tyuiu.GrigorenkoMR.Sprint0.Task1.V0\Tyuiu.GrigorenkoMR.Sprint0.Task1.V0.csproj", "{5D6E8400-466C-4E80-95D9-E78CED9BDE3C}"
EndProject
Project("{2150E333-8FDC-42A3-9474-1A3956D46DE8}") = "Task2", "Task2", "{D038EE4C-766E-4A87-9C7A-3A09447F8DF1}"
EndProject
Project("{FAE04EC0-301F-11D3-BF4B-00C04F79EFBC}") = "Tyuiu.GrigorenkoMR.Sprint0.Task2.V0", "Tyuiu.GrigorenkoMR.Sprint0.Task2.V0\Tyuiu.GrigorenkoMR.Sprint0.Task2.V0.csproj", "{9489AEFA-9E9A-4A7D-9F57-5326B0086B90}"
EndProject
Project("{FAE04EC0-301F-11D3-BF4B-00C04F79EFBC}") = "Tyuiu.GrigorenkoMR.Sprint0.Task2.V0.Lib", "Tyuiu.GrigorenkoMR.Sprint0.Task2.V0.Lib\Tyuiu.GrigorenkoMR.Sprint0.Task2.V0.Lib.csproj", "{2EEE0ACA-1C43-4C30-9421-435CF72E1722}"
EndProject
Project("{FAE04EC0-301F-11D3-BF4B-00C04F79EFBC}") = "Tyuiu.GrigorenkoMR.Sprint0.Task2.V0.Test", "Tyuiu.GrigorenkoMR.Sprint0.Task2.V0.Test\Tyuiu.GrigorenkoMR.Sprint0.Task2.V0.Test.csproj", "{F957C7ED-3B1E-45B5-963D-C36725C17CC6}"
EndProject
Project("{2150E333-8FDC-42A3-9474-1A3956D46DE8}") = "Task3", "Task3", "{4CE670B5-9ADC-4735-8C08-896D9E8368FC}"
EndProject
Project("{FAE04EC0-301F-11D3-BF4B-00C04F79EFBC}") = "Tyuiu.GrigorenkoMR.Sprint0.Task3.V0", "Tyuiu.GrigorenkoMR.Sprint0.Task3.V0\Tyuiu.GrigorenkoMR.Sprint0.Task3.V0.csproj", "{74B03217-1BDA-46A1-9132-91AC30DF49B9}"
EndProject
Project("{FAE04EC0-301F-11D3-BF4B-00C04F79EFBC}") = "Tyuiu.GrigorenkoMR.Sprint0.Task3.V0.Lib", "Tyuiu.GrigorenkoMR.Sprint0.Task3.V0.Lib\Tyuiu.GrigorenkoMR.Sprint0.Task3.V0.Lib.csproj", "{E51A0C1E-78B7-4D31-85C8-A564CDB60361}"
EndProject
Project("{FAE04EC0-301F-11D3-BF4B-00C04F79EFBC}") = "Tyuiu.GrigorenkoMR.Sprint0.Task3.V0.Test", "Tyuiu.GrigorenkoMR.Sprint0.Task3.V0.Test\Tyuiu.GrigorenkoMR.Sprint0.Task3.V0.Test.csproj", "{68252398-0A94-4E35-9152-73F2ECF2E1C9}"
EndProject
Global
	GlobalSection(SolutionConfigurationPlatforms) = preSolution
		Debug|Any CPU = Debug|Any CPU
		Release|Any CPU = Release|Any CPU
	EndGlobalSection
	GlobalSection(ProjectConfigurationPlatforms) = postSolution
		{23E9E6FD-A7AB-4C40-8AD9-9319DFC41C40}.Debug|Any CPU.ActiveCfg = Debug|Any CPU
		{23E9E6FD-A7AB-4C40-8AD9-9319DFC41C40}.Debug|Any CPU.Build.0 = Debug|Any CPU
		{23E9E6FD-A7AB-4C40-8AD9-9319DFC41C40}.Release|Any CPU.ActiveCfg = Release|Any CPU
		{23E9E6FD-A7AB-4C40-8AD9-9319DFC41C40}.Release|Any CPU.Build.0 = Release|Any CPU
		{5D6E8400-466C-4E80-95D9-E78CED9BDE3C}.Debug|Any CPU.ActiveCfg = Debug|Any CPU
		{5D6E8400-466C-4E80-95D9-E78CED9BDE3C}.Debug|Any CPU.Build.0 = Debug|Any CPU
		{5D6E8400-466C-4E80-95D9-E78CED9BDE3C}.Release|Any CPU.ActiveCfg = Release|Any CPU
		{5D6E8400-466C-4E80-95D9-E78CED9BDE3C}.Release|Any CPU.Build.0 = Release|Any CPU
		{9489AEFA-9E9A-4A7D-9F57-5326B0086B90}.Debug|Any CPU.ActiveCfg = Debug|Any CPU
		{9489AEFA-9E9A-4A7D-9F57-5326B0086B90}.Debug|Any CPU.Build.0 = Debug|Any CPU
		{9489AEFA-9E9A-4A7D-9F57-5326B0086B90}.Release|Any CPU.ActiveCfg = Release|Any CPU
		{9489AEFA-9E9A-4A7D-9F57-5326B0086B90}.Release|Any CPU.Build.0 = Release|Any CPU
		{2EEE0ACA-1C43-4C30-9421-435CF72E1722}.Debug|Any CPU.ActiveCfg = Debug|Any CPU
		{2EEE0ACA-1C43-4C30-9421-435CF72E1722}.Debug|Any CPU.Build.0 = Debug|Any CPU
		{2EEE0ACA-1C43-4C30-9421-435CF72E1722}.Release|Any CPU.ActiveCfg = Release|Any CPU
		{2EEE0ACA-1C43-4C30-9421-435CF72E1722}.Release|Any CPU.Build.0 = Release|Any CPU
		{F957C7ED-3B1E-45B5-963D-C36725C17CC6}.Debug|Any CPU.ActiveCfg = Debug|Any CPU
		{F957C7ED-3B1E-45B5-963D-C36725C17CC6}.Debug|Any CPU.Build.0 = Debug|Any CPU
		{F957C7ED-3B1E-45B5-963D-C36725C17CC6}.Release|Any CPU.ActiveCfg = Release|Any CPU
		{F957C7ED-3B1E-45B5-963D-C36725C17CC6}.Release|Any CPU.Build.0 = Release|Any CPU
		{74B03217-1BDA-46A1-9132-91AC30DF49B9}.Debug|Any CPU.ActiveCfg = Debug|Any CPU
		{74B03217-1BDA-46A1-9132-91AC30DF49B9}.Debug|Any CPU.Build.0 = Debug|Any CPU
		{74B03217-1BDA-46A1-9132-91AC30DF49B9}.Release|Any CPU.ActiveCfg = Release|Any CPU
		{74B03217-1BDA-46A1-9132-91AC30DF49B9}.Release|Any CPU.Build.0 = Release|Any CPU
		{E51A0C1E-78B7-4D31-85C8-A564CDB60361}.Debug|Any CPU.ActiveCfg = Debug|Any CPU
		{E51A0C1E-78B7-4D31-85C8-A564CDB60361}.Debug|Any CPU.Build.0 = Debug|Any CPU
		{E51A0C1E-78B7-4D31-85C8-A564CDB60361}.Release|Any CPU.ActiveCfg = Release|Any CPU
		{E51A0C1E-78B7-4D31-85C8-A564CDB60361}.Release|Any CPU.Build.0 = Release|Any CPU
		{68252398-0A94-4E35-9152-73F2ECF2E1C9}.Debug|Any CPU.ActiveCfg = Debug|Any CPU
		{68252398-0A94-4E35-9152-73F2ECF2E1C9}.Debug|Any CPU.Build.0 = Debug|Any CPU
		{68252398-0A94-4E35-9152-73F2ECF2E1C9}.Release|Any CPU.ActiveCfg = Release|Any CPU
		{68252398-0A94-4E35-9152-73F2ECF2E1C9}.Release|Any CPU.Build.0 = Release|Any CPU
	EndGlobalSection
	GlobalSection(SolutionProperties) = preSolution
		HideSolutionNode = FALSE
	EndGlobalSection
	GlobalSection(NestedProjects) = preSolution
		{23E9E6FD-A7AB-4C40-8AD9-9319DFC41C40} = {02EA681E-C7D8-13C7-8484-4AC65E1B71E8}
		{5D6E8400-466C-4E80-95D9-E78CED9BDE3C} = {EF6A5608-A00F-454B-8ECD-DBE3742DD4CD}
		{9489AEFA-9E9A-4A7D-9F57-5326B0086B90} = {D038EE4C-766E-4A87-9C7A-3A09447F8DF1}
		{2EEE0ACA-1C43-4C30-9421-435CF72E1722} = {D038EE4C-766E-4A87-9C7A-3A09447F8DF1}
		{F957C7ED-3B1E-45B5-963D-C36725C17CC6} = {D038EE4C-766E-4A87-9C7A-3A09447F8DF1}
		{74B03217-1BDA-46A1-9132-91AC30DF49B9} = {4CE670B5-9ADC-4735-8C08-896D9E8368FC}
		{E51A0C1E-78B7-4D31-85C8-A564CDB60361} = {4CE670B5-9ADC-4735-8C08-896D9E8368FC}
		{68252398-0A94-4E35-9152-73F2ECF2E1C9} = {4CE670B5-9ADC-4735-8C08-896D9E8368FC}
	EndGlobalSection
	GlobalSection(ExtensibilityGlobals) = postSolution
		SolutionGuid = {BBE91C0B-DDF2-47AF-BE1C-E5EFEC4F6DCE}
	EndGlobalSection
EndGlobal
